{
  "name": "static-site",
  "version": "1.0.0",
  "lockfileVersion": 1,
  "requires": true,
  "dependencies": {
    "@aws-cdk/assets": {
      "version": "1.41.0",
      "resolved": "https://registry.npmjs.org/@aws-cdk/assets/-/assets-1.41.0.tgz",
      "integrity": "sha512-2Nz7MzO0k/HJwmeLCNMqs1feIFVCiII0AbXTgfTuHZ/IO2fZ0hRrYPr5lr/SCBLjPj6U5OtwMmKo4xt2U5qY0Q==",
      "requires": {
        "@aws-cdk/core": "1.41.0",
        "@aws-cdk/cx-api": "1.41.0",
        "constructs": "^3.0.2"
      }
    },
    "@aws-cdk/aws-apigateway": {
      "version": "1.41.0",
      "resolved": "https://registry.npmjs.org/@aws-cdk/aws-apigateway/-/aws-apigateway-1.41.0.tgz",
      "integrity": "sha512-Y369xj+bai9/gGxExhhS4inSFPKWOxX5gaHD3GG4SkBm8HMTX0mA0V+8KhQG1um6uE6lDnah1/jWMY5PfLWkvQ==",
      "requires": {
        "@aws-cdk/assets": "1.41.0",
        "@aws-cdk/aws-certificatemanager": "1.41.0",
        "@aws-cdk/aws-ec2": "1.41.0",
        "@aws-cdk/aws-elasticloadbalancingv2": "1.41.0",
        "@aws-cdk/aws-iam": "1.41.0",
        "@aws-cdk/aws-lambda": "1.41.0",
        "@aws-cdk/aws-logs": "1.41.0",
        "@aws-cdk/aws-s3": "1.41.0",
        "@aws-cdk/aws-s3-assets": "1.41.0",
        "@aws-cdk/core": "1.41.0",
        "@aws-cdk/cx-api": "1.41.0",
        "constructs": "^3.0.2"
      }
    },
    "@aws-cdk/aws-certificatemanager": {
      "version": "1.41.0",
      "resolved": "https://registry.npmjs.org/@aws-cdk/aws-certificatemanager/-/aws-certificatemanager-1.41.0.tgz",
      "integrity": "sha512-h2RnymJugNHkc3NAjARrUoR4AKMxqa+zVNbWX47vqoTCTGdlwScQu21h5+O0apFUU1hbtHlcDq7GAkaGLN6yGw==",
      "requires": {
        "@aws-cdk/aws-iam": "1.41.0",
        "@aws-cdk/aws-lambda": "1.41.0",
        "@aws-cdk/aws-route53": "1.41.0",
        "@aws-cdk/core": "1.41.0",
        "constructs": "^3.0.2"
      }
    },
    "@aws-cdk/aws-cloudformation": {
      "version": "1.41.0",
      "resolved": "https://registry.npmjs.org/@aws-cdk/aws-cloudformation/-/aws-cloudformation-1.41.0.tgz",
      "integrity": "sha512-kg2bXC3MPdM46NgaVYZLsvTRg7dZ4ZoDR//vMXQUrCzncM3cCJUayWc4VkmqIfV8x6L3n1nzokmNX+i8FA3WKw==",
      "requires": {
        "@aws-cdk/aws-iam": "1.41.0",
        "@aws-cdk/aws-lambda": "1.41.0",
        "@aws-cdk/aws-s3": "1.41.0",
        "@aws-cdk/aws-sns": "1.41.0",
        "@aws-cdk/core": "1.41.0",
        "@aws-cdk/cx-api": "1.41.0",
        "constructs": "^3.0.2"
      }
    },
    "@aws-cdk/aws-cloudfront": {
      "version": "1.41.0",
      "resolved": "https://registry.npmjs.org/@aws-cdk/aws-cloudfront/-/aws-cloudfront-1.41.0.tgz",
      "integrity": "sha512-T+26stl2M4EjDyE6AqqjdM+0FWrofZlhklgYOjt+TOEgFDAE/OYbCJAR+MFZaC2OFEikq28MW4Qma+JpKelKsw==",
      "requires": {
        "@aws-cdk/aws-certificatemanager": "1.41.0",
        "@aws-cdk/aws-iam": "1.41.0",
        "@aws-cdk/aws-kms": "1.41.0",
        "@aws-cdk/aws-lambda": "1.41.0",
        "@aws-cdk/aws-s3": "1.41.0",
        "@aws-cdk/core": "1.41.0",
        "constructs": "^3.0.2"
      }
    },
    "@aws-cdk/aws-cloudwatch": {
      "version": "1.41.0",
      "resolved": "https://registry.npmjs.org/@aws-cdk/aws-cloudwatch/-/aws-cloudwatch-1.41.0.tgz",
      "integrity": "sha512-fIEzfzkCDZRHH63pMKuc5+CaAKS2pskscLIETEGz1OOCjAS6Wfy955n6UFtbQa+vpr0koGPTx6AmVn5n28N7Uw==",
      "requires": {
        "@aws-cdk/aws-iam": "1.41.0",
        "@aws-cdk/core": "1.41.0",
        "constructs": "^3.0.2"
      }
    },
    "@aws-cdk/aws-cognito": {
      "version": "1.41.0",
      "resolved": "https://registry.npmjs.org/@aws-cdk/aws-cognito/-/aws-cognito-1.41.0.tgz",
      "integrity": "sha512-EIHtMw8mD2sAVdnq8i4ckTHz2g0RHVPiTO7S0Fe+ThDv1MqgGy0JOnZfVgwA+GF4IcsjNDj4qf4+tGZS+40E/Q==",
      "requires": {
        "@aws-cdk/aws-certificatemanager": "1.41.0",
        "@aws-cdk/aws-iam": "1.41.0",
        "@aws-cdk/aws-lambda": "1.41.0",
        "@aws-cdk/core": "1.41.0",
        "@aws-cdk/custom-resources": "1.41.0",
        "constructs": "^3.0.2"
      }
    },
    "@aws-cdk/aws-ec2": {
      "version": "1.41.0",
      "resolved": "https://registry.npmjs.org/@aws-cdk/aws-ec2/-/aws-ec2-1.41.0.tgz",
      "integrity": "sha512-DWxmAlSDjZngYn4XENicvOv24wRBEfCVOwQLeo9gVkhj7r8KhdMB2CNSRN+kAzYVZYpBFcDRE52gsd0CMRy/1g==",
      "requires": {
        "@aws-cdk/aws-cloudwatch": "1.41.0",
        "@aws-cdk/aws-iam": "1.41.0",
        "@aws-cdk/aws-logs": "1.41.0",
        "@aws-cdk/aws-s3": "1.41.0",
        "@aws-cdk/aws-ssm": "1.41.0",
        "@aws-cdk/cloud-assembly-schema": "1.41.0",
        "@aws-cdk/core": "1.41.0",
        "@aws-cdk/cx-api": "1.41.0",
        "@aws-cdk/region-info": "1.41.0",
        "constructs": "^3.0.2"
      }
    },
    "@aws-cdk/aws-elasticloadbalancing": {
      "version": "1.41.0",
      "resolved": "https://registry.npmjs.org/@aws-cdk/aws-elasticloadbalancing/-/aws-elasticloadbalancing-1.41.0.tgz",
      "integrity": "sha512-vqiX3ZkXcTAvvGJJcsLiZ6FxtRJjoxwRp7+67tin5y4z3EBALi28yau1FZkOallUR+6eb2me+0glHBPGGzoBpQ==",
      "requires": {
        "@aws-cdk/aws-ec2": "1.41.0",
        "@aws-cdk/core": "1.41.0",
        "constructs": "^3.0.2"
      }
    },
    "@aws-cdk/aws-elasticloadbalancingv2": {
      "version": "1.41.0",
      "resolved": "https://registry.npmjs.org/@aws-cdk/aws-elasticloadbalancingv2/-/aws-elasticloadbalancingv2-1.41.0.tgz",
      "integrity": "sha512-ptT1y8R4HsdatuKFAeqlDHDgxzoYyGUxxs5sSwYOUwVoXU3TfjflR+K7WNwet2vqm8zwjS1hcNyKNFqoCU/DQg==",
      "requires": {
        "@aws-cdk/aws-certificatemanager": "1.41.0",
        "@aws-cdk/aws-cloudwatch": "1.41.0",
        "@aws-cdk/aws-ec2": "1.41.0",
        "@aws-cdk/aws-iam": "1.41.0",
        "@aws-cdk/aws-lambda": "1.41.0",
        "@aws-cdk/aws-s3": "1.41.0",
        "@aws-cdk/core": "1.41.0",
        "constructs": "^3.0.2"
      }
    },
    "@aws-cdk/aws-events": {
      "version": "1.41.0",
      "resolved": "https://registry.npmjs.org/@aws-cdk/aws-events/-/aws-events-1.41.0.tgz",
      "integrity": "sha512-1D4ATsE3rnUATlv2VdJod9bXmNxl7x+YJgcWPd2KLU7gXPxyAb7zCG0QeUDcBagKLD2OHjpeXNo/3tpH7ZbEtA==",
      "requires": {
        "@aws-cdk/aws-iam": "1.41.0",
        "@aws-cdk/core": "1.41.0",
        "constructs": "^3.0.2"
      }
    },
    "@aws-cdk/aws-iam": {
      "version": "1.41.0",
      "resolved": "https://registry.npmjs.org/@aws-cdk/aws-iam/-/aws-iam-1.41.0.tgz",
      "integrity": "sha512-1pblFd9JPOqChNyMMlTFf5VdYfXeysuokJhDJE+udZGlxgb8yqQiAmukuB0BdueJsaHVQdyQOz5QenPN5bUvUw==",
      "requires": {
        "@aws-cdk/core": "1.41.0",
        "@aws-cdk/region-info": "1.41.0",
        "constructs": "^3.0.2"
      }
    },
    "@aws-cdk/aws-kms": {
      "version": "1.41.0",
      "resolved": "https://registry.npmjs.org/@aws-cdk/aws-kms/-/aws-kms-1.41.0.tgz",
      "integrity": "sha512-YZZ7ACKMTeCd7NLLPmaZ8eMba4La9HvShQbSvqzU9fixVh5DfLFFGyj/BhWZ1Mx7lLFWG4PCJHMyR8TFELcU5w==",
      "requires": {
        "@aws-cdk/aws-iam": "1.41.0",
        "@aws-cdk/core": "1.41.0",
        "constructs": "^3.0.2"
      }
    },
    "@aws-cdk/aws-lambda": {
      "version": "1.41.0",
      "resolved": "https://registry.npmjs.org/@aws-cdk/aws-lambda/-/aws-lambda-1.41.0.tgz",
      "integrity": "sha512-uQyaWcyjTvnnjBeJ0qzc8qRujYt68kv3TVtOKqlRbrIA97wy6pt4QhKinHuF8me96OfsdkIxNyfelr0QN0tHTg==",
      "requires": {
        "@aws-cdk/aws-cloudwatch": "1.41.0",
        "@aws-cdk/aws-ec2": "1.41.0",
        "@aws-cdk/aws-events": "1.41.0",
        "@aws-cdk/aws-iam": "1.41.0",
        "@aws-cdk/aws-logs": "1.41.0",
        "@aws-cdk/aws-s3": "1.41.0",
        "@aws-cdk/aws-s3-assets": "1.41.0",
        "@aws-cdk/aws-sqs": "1.41.0",
        "@aws-cdk/core": "1.41.0",
        "@aws-cdk/cx-api": "1.41.0",
        "constructs": "^3.0.2"
      }
    },
    "@aws-cdk/aws-logs": {
      "version": "1.41.0",
      "resolved": "https://registry.npmjs.org/@aws-cdk/aws-logs/-/aws-logs-1.41.0.tgz",
      "integrity": "sha512-P8eSzGiXOEMMoc0DGP1bK1t+3F1k2LmqKh0AFPJTvo/ZXUBFvEnY+gWcLs83bx4u3mEjlqXi/o5BRa7EJkkHow==",
      "requires": {
        "@aws-cdk/aws-cloudwatch": "1.41.0",
        "@aws-cdk/aws-iam": "1.41.0",
        "@aws-cdk/core": "1.41.0",
        "constructs": "^3.0.2"
      }
    },
    "@aws-cdk/aws-route53": {
      "version": "1.41.0",
      "resolved": "https://registry.npmjs.org/@aws-cdk/aws-route53/-/aws-route53-1.41.0.tgz",
      "integrity": "sha512-llp53PbiqJXNsd1W4xJgWndY122AkqSQWdUhV07KpJEVmRwo6yzvbHcM2/m5kSWqwNtZQZOsNx7t57gRVsjffQ==",
      "requires": {
        "@aws-cdk/aws-ec2": "1.41.0",
        "@aws-cdk/aws-logs": "1.41.0",
        "@aws-cdk/cloud-assembly-schema": "1.41.0",
        "@aws-cdk/core": "1.41.0",
        "constructs": "^3.0.2"
      }
    },
    "@aws-cdk/aws-route53-targets": {
      "version": "1.41.0",
      "resolved": "https://registry.npmjs.org/@aws-cdk/aws-route53-targets/-/aws-route53-targets-1.41.0.tgz",
      "integrity": "sha512-ZEHFAndCHAMCxi8Qm3dNJAFUroRqOWxuXwnbCjjjmAr32lzauCTmBGTrhYTtcLrY1ZfgsSxj5ZYMEVGczwjLdA==",
      "requires": {
        "@aws-cdk/aws-apigateway": "1.41.0",
        "@aws-cdk/aws-cloudfront": "1.41.0",
        "@aws-cdk/aws-cognito": "1.41.0",
        "@aws-cdk/aws-ec2": "1.41.0",
        "@aws-cdk/aws-elasticloadbalancing": "1.41.0",
        "@aws-cdk/aws-elasticloadbalancingv2": "1.41.0",
        "@aws-cdk/aws-iam": "1.41.0",
        "@aws-cdk/aws-route53": "1.41.0",
        "@aws-cdk/aws-s3": "1.41.0",
        "@aws-cdk/core": "1.41.0",
        "@aws-cdk/region-info": "1.41.0",
        "constructs": "^3.0.2"
      }
    },
    "@aws-cdk/aws-s3": {
      "version": "1.41.0",
      "resolved": "https://registry.npmjs.org/@aws-cdk/aws-s3/-/aws-s3-1.41.0.tgz",
      "integrity": "sha512-B7uhPOLqUx5xkpF7YX0E5mwjYM0wZQLkT5Jh/cGohPKwfMlGELjmNjeudC5naImTqL0a6VflXza7+d+4lVLdFw==",
      "requires": {
        "@aws-cdk/aws-events": "1.41.0",
        "@aws-cdk/aws-iam": "1.41.0",
        "@aws-cdk/aws-kms": "1.41.0",
        "@aws-cdk/core": "1.41.0",
        "constructs": "^3.0.2"
      }
    },
    "@aws-cdk/aws-s3-assets": {
      "version": "1.41.0",
      "resolved": "https://registry.npmjs.org/@aws-cdk/aws-s3-assets/-/aws-s3-assets-1.41.0.tgz",
      "integrity": "sha512-hGt+7qEkGz6CMLi47ZSzonKcRThLC2ma/DMrQbbF0ikeupPLK2SsRQ4EIadH69zGr6fz8u0wbWPfMaJGgESolQ==",
      "requires": {
        "@aws-cdk/assets": "1.41.0",
        "@aws-cdk/aws-iam": "1.41.0",
        "@aws-cdk/aws-s3": "1.41.0",
        "@aws-cdk/core": "1.41.0",
        "@aws-cdk/cx-api": "1.41.0",
        "constructs": "^3.0.2"
      }
    },
    "@aws-cdk/aws-sns": {
      "version": "1.41.0",
      "resolved": "https://registry.npmjs.org/@aws-cdk/aws-sns/-/aws-sns-1.41.0.tgz",
      "integrity": "sha512-+tvtIuYah8tVsEOJ8+8+UqEils/H7VEBqV0FBO5K0yjKO6b4QLiRFB+GviZA6kJ0p8uUBzZl7RYkjMyS2cYN7w==",
      "requires": {
        "@aws-cdk/aws-cloudwatch": "1.41.0",
        "@aws-cdk/aws-events": "1.41.0",
        "@aws-cdk/aws-iam": "1.41.0",
        "@aws-cdk/aws-kms": "1.41.0",
        "@aws-cdk/aws-sqs": "1.41.0",
        "@aws-cdk/core": "1.41.0",
        "constructs": "^3.0.2"
      }
    },
    "@aws-cdk/aws-sqs": {
      "version": "1.41.0",
      "resolved": "https://registry.npmjs.org/@aws-cdk/aws-sqs/-/aws-sqs-1.41.0.tgz",
      "integrity": "sha512-03wf4Rort6jlmx/xrNUN2ld/5KmuyEw28jyL7dDFVsfGglXw69bPjuRMtTWkSfbYWPbFlGbKR16IiyKzRFF4oA==",
      "requires": {
        "@aws-cdk/aws-cloudwatch": "1.41.0",
        "@aws-cdk/aws-iam": "1.41.0",
        "@aws-cdk/aws-kms": "1.41.0",
        "@aws-cdk/core": "1.41.0",
        "constructs": "^3.0.2"
      }
    },
    "@aws-cdk/aws-ssm": {
      "version": "1.41.0",
      "resolved": "https://registry.npmjs.org/@aws-cdk/aws-ssm/-/aws-ssm-1.41.0.tgz",
      "integrity": "sha512-w43rka1ltQp2myR3u5mM/E7uNwmf7k5tvSgLoHQcU/p5iIPCL+R5ZvrJlOTaGRjRZlzq+CGt4+QKOSZveUtG9A==",
      "requires": {
        "@aws-cdk/aws-iam": "1.41.0",
        "@aws-cdk/aws-kms": "1.41.0",
        "@aws-cdk/cloud-assembly-schema": "1.41.0",
        "@aws-cdk/core": "1.41.0",
        "constructs": "^3.0.2"
      }
    },
    "@aws-cdk/cdk-assets-schema": {
      "version": "1.41.0",
      "resolved": "https://registry.npmjs.org/@aws-cdk/cdk-assets-schema/-/cdk-assets-schema-1.41.0.tgz",
      "integrity": "sha512-lB/YAnoYoTq09Z5DAzg3eLJQZwkyFIopYg2a5Y1GlpDfgRoNAxb0rjgDfp68dVeBbisID2AfczdVv6Mhq/xzFQ==",
      "requires": {
        "semver": "^7.2.2"
      },
      "dependencies": {
        "semver": {
          "version": "7.3.2",
          "bundled": true
        }
      }
    },
    "@aws-cdk/cloud-assembly-schema": {
      "version": "1.41.0",
      "resolved": "https://registry.npmjs.org/@aws-cdk/cloud-assembly-schema/-/cloud-assembly-schema-1.41.0.tgz",
      "integrity": "sha512-13uULbrkiO07KEhn2E77QgfFjq2qrrR4sevi85hVgwCo0QN5ZWyYJzyWpVphaXRcY2vTHUI+/KgFtgwDMdplqQ==",
      "requires": {
        "jsonschema": "^1.2.5",
        "semver": "^7.2.2"
      },
      "dependencies": {
        "jsonschema": {
          "version": "1.2.6",
          "bundled": true
        },
        "semver": {
          "version": "7.3.2",
          "bundled": true
        }
      }
    },
    "@aws-cdk/core": {
      "version": "1.41.0",
      "resolved": "https://registry.npmjs.org/@aws-cdk/core/-/core-1.41.0.tgz",
      "integrity": "sha512-6hHNpXA7tbceOKxIeVnRCKVKZe7Bf/bZ/UgqB7/XcdAxdn8HIvo/lY3cb64zqRL3b04pjsvgoF/8wU92edj/uA==",
      "requires": {
        "@aws-cdk/cdk-assets-schema": "1.41.0",
        "@aws-cdk/cloud-assembly-schema": "1.41.0",
        "@aws-cdk/cx-api": "1.41.0",
        "constructs": "^3.0.2",
        "minimatch": "^3.0.4"
      },
      "dependencies": {
        "balanced-match": {
          "version": "1.0.0",
          "bundled": true
        },
        "brace-expansion": {
          "version": "1.1.11",
          "bundled": true,
          "requires": {
            "balanced-match": "^1.0.0",
            "concat-map": "0.0.1"
          }
        },
        "concat-map": {
          "version": "0.0.1",
          "bundled": true
        },
        "minimatch": {
          "version": "3.0.4",
          "bundled": true,
          "requires": {
            "brace-expansion": "^1.1.7"
          }
        }
      }
    },
    "@aws-cdk/custom-resources": {
      "version": "1.41.0",
      "resolved": "https://registry.npmjs.org/@aws-cdk/custom-resources/-/custom-resources-1.41.0.tgz",
      "integrity": "sha512-hXdsyoGR4SnQfHi3S7HMH4qToOYVCB7ofv18CFvsUHxxdq42gUeoXboWUdPCFDi/gEHhoShEeccVeakQrOAaMA==",
      "requires": {
        "@aws-cdk/aws-cloudformation": "1.41.0",
        "@aws-cdk/aws-iam": "1.41.0",
        "@aws-cdk/aws-lambda": "1.41.0",
        "@aws-cdk/aws-logs": "1.41.0",
        "@aws-cdk/aws-sns": "1.41.0",
        "@aws-cdk/core": "1.41.0",
        "constructs": "^3.0.2"
      }
    },
    "@aws-cdk/cx-api": {
      "version": "1.41.0",
      "resolved": "https://registry.npmjs.org/@aws-cdk/cx-api/-/cx-api-1.41.0.tgz",
      "integrity": "sha512-rX0EVVkCAeDvmJMMolRLeHCOufKEMuBvIkc8E7PV9zgQCqKuV5MV7sZ5cXWDiE8kbPGQx8B6ipsDvRwi5Z7//Q==",
      "requires": {
        "@aws-cdk/cloud-assembly-schema": "1.41.0",
        "semver": "^7.2.2"
      },
      "dependencies": {
        "semver": {
          "version": "7.3.2",
          "bundled": true
        }
      }
    },
    "@aws-cdk/region-info": {
      "version": "1.41.0",
      "resolved": "https://registry.npmjs.org/@aws-cdk/region-info/-/region-info-1.41.0.tgz",
      "integrity": "sha512-NjeVkpK/dnhK+JPDzkrTCtA5GANs28DtitvlVVDbO8JKYGMTZbjqznS2LyuMP3Idx82lCJ8eL6zstMiQaTmBaw=="
    },
    "@types/node": {
      "version": "13.13.2",
      "resolved": "https://registry.npmjs.org/@types/node/-/node-13.13.2.tgz",
      "integrity": "sha512-LB2R1Oyhpg8gu4SON/mfforE525+Hi/M1ineICEDftqNVTyFg1aRIeGuTvXAoWHc4nbrFncWtJgMmoyRvuGh7A=="
    },
    "constructs": {
      "version": "3.3.65",
      "resolved": "https://registry.npmjs.org/constructs/-/constructs-3.3.65.tgz",
      "integrity": "sha512-/tjHzxwK4Nz9SAm40kkC2mij3Y3LngVVj/dvk7Xpex25/PMhVRYy1pmJ0/5I5Y6bAMG1HRjcSAyf4k9YZyxJjw=="
    },
    "typescript": {
      "version": "3.8.3",
      "resolved": "https://registry.npmjs.org/typescript/-/typescript-3.8.3.tgz",
      "integrity": "sha512-MYlEfn5VrLNsgudQTVJeNaQFUAI7DkhnOjdpAp4T+ku1TfQClewlbSuTVHiA+8skNBgaf02TL/kLOvig4y3G8w==",
      "dev": true
    }
  }
}
